// !$*UTF8*$!
{
	archiveVersion = 1;
	classes = {
	};
	objectVersion = 56;
	objects = {

/* Begin PBXBuildFile section */
		F90877902BE1D3500020F5E2 /* PageViewController.swift in Sources */ = {isa = PBXBuildFile; fileRef = F908778F2BE1D3500020F5E2 /* PageViewController.swift */; };
		F90877922BE1DC240020F5E2 /* FeatureCard.swift in Sources */ = {isa = PBXBuildFile; fileRef = F90877912BE1DC240020F5E2 /* FeatureCard.swift */; };
		F90877942BE1DC900020F5E2 /* PageView.swift in Sources */ = {isa = PBXBuildFile; fileRef = F90877932BE1DC900020F5E2 /* PageView.swift */; };
		F90877962BE1DE8B0020F5E2 /* PageControl.swift in Sources */ = {isa = PBXBuildFile; fileRef = F90877952BE1DE8B0020F5E2 /* PageControl.swift */; };
		F90877A02BE1DFE40020F5E2 /* ContentView.swift in Sources */ = {isa = PBXBuildFile; fileRef = F908779F2BE1DFE40020F5E2 /* ContentView.swift */; };
		F90877A22BE1DFE60020F5E2 /* Assets.xcassets in Resources */ = {isa = PBXBuildFile; fileRef = F90877A12BE1DFE60020F5E2 /* Assets.xcassets */; };
		F90877A52BE1DFE60020F5E2 /* Preview Assets.xcassets in Resources */ = {isa = PBXBuildFile; fileRef = F90877A42BE1DFE60020F5E2 /* Preview Assets.xcassets */; };
		F90877A82BE1DFE60020F5E2 /* WatchLandmarks Watch App.app in Embed Watch Content */ = {isa = PBXBuildFile; fileRef = F908779B2BE1DFE40020F5E2 /* WatchLandmarks Watch App.app */; settings = {ATTRIBUTES = (RemoveHeadersOnCopy, ); }; };
		F90877AD2BE1E1A80020F5E2 /* LandmarkList.swift in Sources */ = {isa = PBXBuildFile; fileRef = F92C80272BDBFA0700BD338F /* LandmarkList.swift */; };
		F90877AE2BE1E1A80020F5E2 /* MapView.swift in Sources */ = {isa = PBXBuildFile; fileRef = F92C801A2BDBEA7F00BD338F /* MapView.swift */; };
		F90877AF2BE1E1A80020F5E2 /* Hike.swift in Sources */ = {isa = PBXBuildFile; fileRef = F92C803F2BDD1F4200BD338F /* Hike.swift */; };
		F90877B02BE1E1A80020F5E2 /* CircleImage.swift in Sources */ = {isa = PBXBuildFile; fileRef = F92C80182BDBE73700BD338F /* CircleImage.swift */; };
		F90877B12BE1E1A80020F5E2 /* LandmarkRow.swift in Sources */ = {isa = PBXBuildFile; fileRef = F92C80252BDBF79A00BD338F /* LandmarkRow.swift */; };
		F90877B22BE1E1A80020F5E2 /* ModelData.swift in Sources */ = {isa = PBXBuildFile; fileRef = F92C80202BDBF4BB00BD338F /* ModelData.swift */; };
		F90877B32BE1E1A80020F5E2 /* LandmarksApp.swift in Sources */ = {isa = PBXBuildFile; fileRef = F96C04942BD266DD0095835B /* LandmarksApp.swift */; };
		F90877B42BE1E1A80020F5E2 /* Profile.swift in Sources */ = {isa = PBXBuildFile; fileRef = F95C19882BDF44CB00BA3E3F /* Profile.swift */; };
		F90877B52BE1E1A80020F5E2 /* Landmark.swift in Sources */ = {isa = PBXBuildFile; fileRef = F92C801E2BDBEE5E00BD338F /* Landmark.swift */; };
		F90877B62BE1E1A80020F5E2 /* hikeData.json in Resources */ = {isa = PBXBuildFile; fileRef = F92C803D2BDD1F0300BD338F /* hikeData.json */; };
		F90877B72BE1E1A80020F5E2 /* landmarkData.json in Resources */ = {isa = PBXBuildFile; fileRef = F92C801C2BDBEE3D00BD338F /* landmarkData.json */; };
		F90877B82BE1E1A80020F5E2 /* Assets.xcassets in Resources */ = {isa = PBXBuildFile; fileRef = F96C049A2BD266DE0095835B /* Assets.xcassets */; };
		F90877BA2BE1E2500020F5E2 /* LandmarkDetail.swift in Sources */ = {isa = PBXBuildFile; fileRef = F90877B92BE1E2500020F5E2 /* LandmarkDetail.swift */; };
		F90877BC2BE1E37D0020F5E2 /* NotificationView.swift in Sources */ = {isa = PBXBuildFile; fileRef = F90877BB2BE1E37D0020F5E2 /* NotificationView.swift */; };
		F90877BE2BE1E3CF0020F5E2 /* NotificationController.swift in Sources */ = {isa = PBXBuildFile; fileRef = F90877BD2BE1E3CF0020F5E2 /* NotificationController.swift */; };
		F90877C92BE1E71F0020F5E2 /* ContentView.swift in Sources */ = {isa = PBXBuildFile; fileRef = F90877C82BE1E71F0020F5E2 /* ContentView.swift */; };
		F90877CB2BE1E71F0020F5E2 /* Item.swift in Sources */ = {isa = PBXBuildFile; fileRef = F90877CA2BE1E71F0020F5E2 /* Item.swift */; };
		F90877CD2BE1E7210020F5E2 /* Assets.xcassets in Resources */ = {isa = PBXBuildFile; fileRef = F90877CC2BE1E7210020F5E2 /* Assets.xcassets */; };
		F90877D02BE1E7210020F5E2 /* Preview Assets.xcassets in Resources */ = {isa = PBXBuildFile; fileRef = F90877CF2BE1E7210020F5E2 /* Preview Assets.xcassets */; };
		F91529F62BE22911001E6860 /* LandmarkRow.swift in Sources */ = {isa = PBXBuildFile; fileRef = F92C80252BDBF79A00BD338F /* LandmarkRow.swift */; };
		F91529F72BE22911001E6860 /* Hike.swift in Sources */ = {isa = PBXBuildFile; fileRef = F92C803F2BDD1F4200BD338F /* Hike.swift */; };
		F91529F82BE22911001E6860 /* Profile.swift in Sources */ = {isa = PBXBuildFile; fileRef = F95C19882BDF44CB00BA3E3F /* Profile.swift */; };
		F91529F92BE22911001E6860 /* LandmarkList.swift in Sources */ = {isa = PBXBuildFile; fileRef = F92C80272BDBFA0700BD338F /* LandmarkList.swift */; };
		F91529FA2BE22911001E6860 /* CircleImage.swift in Sources */ = {isa = PBXBuildFile; fileRef = F92C80182BDBE73700BD338F /* CircleImage.swift */; };
		F91529FB2BE22911001E6860 /* ModelData.swift in Sources */ = {isa = PBXBuildFile; fileRef = F92C80202BDBF4BB00BD338F /* ModelData.swift */; };
		F91529FC2BE22911001E6860 /* Landmark.swift in Sources */ = {isa = PBXBuildFile; fileRef = F92C801E2BDBEE5E00BD338F /* Landmark.swift */; };
		F91529FD2BE22911001E6860 /* FavoriteButton.swift in Sources */ = {isa = PBXBuildFile; fileRef = F92C802F2BDCDE2E00BD338F /* FavoriteButton.swift */; };
		F91529FE2BE22911001E6860 /* LandmarksApp.swift in Sources */ = {isa = PBXBuildFile; fileRef = F96C04942BD266DD0095835B /* LandmarksApp.swift */; };
		F91529FF2BE22911001E6860 /* MapView.swift in Sources */ = {isa = PBXBuildFile; fileRef = F92C801A2BDBEA7F00BD338F /* MapView.swift */; };
		F9152A002BE22911001E6860 /* landmarkData.json in Resources */ = {isa = PBXBuildFile; fileRef = F92C801C2BDBEE3D00BD338F /* landmarkData.json */; };
		F9152A012BE22911001E6860 /* hikeData.json in Resources */ = {isa = PBXBuildFile; fileRef = F92C803D2BDD1F0300BD338F /* hikeData.json */; };
		F9152A022BE22911001E6860 /* Assets.xcassets in Resources */ = {isa = PBXBuildFile; fileRef = F96C049A2BD266DE0095835B /* Assets.xcassets */; };
		F9152A042BE22AE4001E6860 /* LandmarkDetail.swift in Sources */ = {isa = PBXBuildFile; fileRef = F9152A032BE22AE4001E6860 /* LandmarkDetail.swift */; };
		F9152A062BE22C67001E6860 /* LandmarkList.swift in Sources */ = {isa = PBXBuildFile; fileRef = F9152A052BE22C67001E6860 /* LandmarkList.swift */; };
		F9152A082BE22E38001E6860 /* LandmarkCommands.swift in Sources */ = {isa = PBXBuildFile; fileRef = F9152A072BE22E38001E6860 /* LandmarkCommands.swift */; };
		F9152A0A2BE22FF0001E6860 /* LandmarkSettings.swift in Sources */ = {isa = PBXBuildFile; fileRef = F9152A092BE22FF0001E6860 /* LandmarkSettings.swift */; };
		F92C80192BDBE73700BD338F /* CircleImage.swift in Sources */ = {isa = PBXBuildFile; fileRef = F92C80182BDBE73700BD338F /* CircleImage.swift */; };
		F92C801B2BDBEA7F00BD338F /* MapView.swift in Sources */ = {isa = PBXBuildFile; fileRef = F92C801A2BDBEA7F00BD338F /* MapView.swift */; };
		F92C801D2BDBEE3D00BD338F /* landmarkData.json in Resources */ = {isa = PBXBuildFile; fileRef = F92C801C2BDBEE3D00BD338F /* landmarkData.json */; };
		F92C801F2BDBEE5E00BD338F /* Landmark.swift in Sources */ = {isa = PBXBuildFile; fileRef = F92C801E2BDBEE5E00BD338F /* Landmark.swift */; };
		F92C80212BDBF4BB00BD338F /* ModelData.swift in Sources */ = {isa = PBXBuildFile; fileRef = F92C80202BDBF4BB00BD338F /* ModelData.swift */; };
		F92C80262BDBF79A00BD338F /* LandmarkRow.swift in Sources */ = {isa = PBXBuildFile; fileRef = F92C80252BDBF79A00BD338F /* LandmarkRow.swift */; };
		F92C80282BDBFA0700BD338F /* LandmarkList.swift in Sources */ = {isa = PBXBuildFile; fileRef = F92C80272BDBFA0700BD338F /* LandmarkList.swift */; };
		F92C802A2BDC070200BD338F /* LandmarkDetail.swift in Sources */ = {isa = PBXBuildFile; fileRef = F92C80292BDC070200BD338F /* LandmarkDetail.swift */; };
		F92C80302BDCDE2E00BD338F /* FavoriteButton.swift in Sources */ = {isa = PBXBuildFile; fileRef = F92C802F2BDCDE2E00BD338F /* FavoriteButton.swift */; };
		F92C80332BDD195800BD338F /* HexagonParameters.swift in Sources */ = {isa = PBXBuildFile; fileRef = F92C80322BDD195800BD338F /* HexagonParameters.swift */; };
		F92C80352BDD1B2700BD338F /* BadgeBackground.swift in Sources */ = {isa = PBXBuildFile; fileRef = F92C80342BDD1B2700BD338F /* BadgeBackground.swift */; };
		F92C80372BDD1D8100BD338F /* BadgeSymbol.swift in Sources */ = {isa = PBXBuildFile; fileRef = F92C80362BDD1D8100BD338F /* BadgeSymbol.swift */; };
		F92C80392BDD1DCB00BD338F /* RotatedBadgeSymbol.swift in Sources */ = {isa = PBXBuildFile; fileRef = F92C80382BDD1DCB00BD338F /* RotatedBadgeSymbol.swift */; };
		F92C803B2BDD1DF500BD338F /* Badge.swift in Sources */ = {isa = PBXBuildFile; fileRef = F92C803A2BDD1DF500BD338F /* Badge.swift */; };
		F92C803E2BDD1F0300BD338F /* hikeData.json in Resources */ = {isa = PBXBuildFile; fileRef = F92C803D2BDD1F0300BD338F /* hikeData.json */; };
		F92C80402BDD1F4200BD338F /* Hike.swift in Sources */ = {isa = PBXBuildFile; fileRef = F92C803F2BDD1F4200BD338F /* Hike.swift */; };
		F92C80462BDD1FA400BD338F /* GraphCapsule.swift in Sources */ = {isa = PBXBuildFile; fileRef = F92C80412BDD1FA300BD338F /* GraphCapsule.swift */; };
		F92C80472BDD1FA400BD338F /* HikeDetail.swift in Sources */ = {isa = PBXBuildFile; fileRef = F92C80422BDD1FA300BD338F /* HikeDetail.swift */; };
		F92C80482BDD1FA400BD338F /* HikeGraph.swift in Sources */ = {isa = PBXBuildFile; fileRef = F92C80432BDD1FA300BD338F /* HikeGraph.swift */; };
		F92C80492BDD1FA400BD338F /* HikeView.swift in Sources */ = {isa = PBXBuildFile; fileRef = F92C80442BDD1FA300BD338F /* HikeView.swift */; };
		F935C5952BDF97E4000F6E38 /* ProfileEditor.swift in Sources */ = {isa = PBXBuildFile; fileRef = F935C5942BDF97E4000F6E38 /* ProfileEditor.swift */; };
		F95C19832BDF2B6C00BA3E3F /* CategoryHome.swift in Sources */ = {isa = PBXBuildFile; fileRef = F95C19822BDF2B6C00BA3E3F /* CategoryHome.swift */; };
		F95C19852BDF2DF200BA3E3F /* CategoryRow.swift in Sources */ = {isa = PBXBuildFile; fileRef = F95C19842BDF2DF200BA3E3F /* CategoryRow.swift */; };
		F95C19872BDF2EFC00BA3E3F /* CategoryItem.swift in Sources */ = {isa = PBXBuildFile; fileRef = F95C19862BDF2EFC00BA3E3F /* CategoryItem.swift */; };
		F95C19892BDF44CB00BA3E3F /* Profile.swift in Sources */ = {isa = PBXBuildFile; fileRef = F95C19882BDF44CB00BA3E3F /* Profile.swift */; };
		F95C198C2BDF458900BA3E3F /* ProfileHost.swift in Sources */ = {isa = PBXBuildFile; fileRef = F95C198B2BDF458800BA3E3F /* ProfileHost.swift */; };
		F95C198E2BDF466200BA3E3F /* ProfileSummary.swift in Sources */ = {isa = PBXBuildFile; fileRef = F95C198D2BDF466200BA3E3F /* ProfileSummary.swift */; };
		F95C19902BDF47AB00BA3E3F /* HikeBadge.swift in Sources */ = {isa = PBXBuildFile; fileRef = F95C198F2BDF47AB00BA3E3F /* HikeBadge.swift */; };
		F96C04952BD266DD0095835B /* LandmarksApp.swift in Sources */ = {isa = PBXBuildFile; fileRef = F96C04942BD266DD0095835B /* LandmarksApp.swift */; };
		F96C04972BD266DD0095835B /* ContentView.swift in Sources */ = {isa = PBXBuildFile; fileRef = F96C04962BD266DD0095835B /* ContentView.swift */; };
		F96C049B2BD266DE0095835B /* Assets.xcassets in Resources */ = {isa = PBXBuildFile; fileRef = F96C049A2BD266DE0095835B /* Assets.xcassets */; };
		F96C049E2BD266DE0095835B /* Preview Assets.xcassets in Resources */ = {isa = PBXBuildFile; fileRef = F96C049D2BD266DE0095835B /* Preview Assets.xcassets */; };
		F96C04A82BD266DF0095835B /* LandmarksTests.swift in Sources */ = {isa = PBXBuildFile; fileRef = F96C04A72BD266DF0095835B /* LandmarksTests.swift */; };
		F96C04B22BD266DF0095835B /* LandmarksUITests.swift in Sources */ = {isa = PBXBuildFile; fileRef = F96C04B12BD266DF0095835B /* LandmarksUITests.swift */; };
		F96C04B42BD266DF0095835B /* LandmarksUITestsLaunchTests.swift in Sources */ = {isa = PBXBuildFile; fileRef = F96C04B32BD266DF0095835B /* LandmarksUITestsLaunchTests.swift */; };
/* End PBXBuildFile section */

/* Begin PBXContainerItemProxy section */
		F90877A62BE1DFE60020F5E2 /* PBXContainerItemProxy */ = {
			isa = PBXContainerItemProxy;
			containerPortal = F96C04892BD266DD0095835B /* Project object */;
			proxyType = 1;
			remoteGlobalIDString = F908779A2BE1DFE40020F5E2;
			remoteInfo = "WatchLandmarks Watch App";
		};
		F96C04A42BD266DF0095835B /* PBXContainerItemProxy */ = {
			isa = PBXContainerItemProxy;
			containerPortal = F96C04892BD266DD0095835B /* Project object */;
			proxyType = 1;
			remoteGlobalIDString = F96C04902BD266DD0095835B;
			remoteInfo = Landmarks;
		};
		F96C04AE2BD266DF0095835B /* PBXContainerItemProxy */ = {
			isa = PBXContainerItemProxy;
			containerPortal = F96C04892BD266DD0095835B /* Project object */;
			proxyType = 1;
			remoteGlobalIDString = F96C04902BD266DD0095835B;
			remoteInfo = Landmarks;
		};
/* End PBXContainerItemProxy section */

/* Begin PBXCopyFilesBuildPhase section */
		F90877AC2BE1DFE60020F5E2 /* Embed Watch Content */ = {
			isa = PBXCopyFilesBuildPhase;
			buildActionMask = 2147483647;
			dstPath = "$(CONTENTS_FOLDER_PATH)/Watch";
			dstSubfolderSpec = 16;
			files = (
				F90877A82BE1DFE60020F5E2 /* WatchLandmarks Watch App.app in Embed Watch Content */,
			);
			name = "Embed Watch Content";
			runOnlyForDeploymentPostprocessing = 0;
		};
/* End PBXCopyFilesBuildPhase section */

/* Begin PBXFileReference section */
		F908778F2BE1D3500020F5E2 /* PageViewController.swift */ = {isa = PBXFileReference; lastKnownFileType = sourcecode.swift; path = PageViewController.swift; sourceTree = "<group>"; };
		F90877912BE1DC240020F5E2 /* FeatureCard.swift */ = {isa = PBXFileReference; lastKnownFileType = sourcecode.swift; path = FeatureCard.swift; sourceTree = "<group>"; };
		F90877932BE1DC900020F5E2 /* PageView.swift */ = {isa = PBXFileReference; lastKnownFileType = sourcecode.swift; path = PageView.swift; sourceTree = "<group>"; };
		F90877952BE1DE8B0020F5E2 /* PageControl.swift */ = {isa = PBXFileReference; lastKnownFileType = sourcecode.swift; path = PageControl.swift; sourceTree = "<group>"; };
		F908779B2BE1DFE40020F5E2 /* WatchLandmarks Watch App.app */ = {isa = PBXFileReference; explicitFileType = wrapper.application; includeInIndex = 0; path = "WatchLandmarks Watch App.app"; sourceTree = BUILT_PRODUCTS_DIR; };
		F908779F2BE1DFE40020F5E2 /* ContentView.swift */ = {isa = PBXFileReference; lastKnownFileType = sourcecode.swift; path = ContentView.swift; sourceTree = "<group>"; };
		F90877A12BE1DFE60020F5E2 /* Assets.xcassets */ = {isa = PBXFileReference; lastKnownFileType = folder.assetcatalog; path = Assets.xcassets; sourceTree = "<group>"; };
		F90877A42BE1DFE60020F5E2 /* Preview Assets.xcassets */ = {isa = PBXFileReference; lastKnownFileType = folder.assetcatalog; path = "Preview Assets.xcassets"; sourceTree = "<group>"; };
		F90877B92BE1E2500020F5E2 /* LandmarkDetail.swift */ = {isa = PBXFileReference; lastKnownFileType = sourcecode.swift; path = LandmarkDetail.swift; sourceTree = "<group>"; };
		F90877BB2BE1E37D0020F5E2 /* NotificationView.swift */ = {isa = PBXFileReference; lastKnownFileType = sourcecode.swift; path = NotificationView.swift; sourceTree = "<group>"; };
		F90877BD2BE1E3CF0020F5E2 /* NotificationController.swift */ = {isa = PBXFileReference; lastKnownFileType = sourcecode.swift; path = NotificationController.swift; sourceTree = "<group>"; };
		F90877BF2BE1E5430020F5E2 /* PushNotificationPayload.apns */ = {isa = PBXFileReference; lastKnownFileType = text; path = PushNotificationPayload.apns; sourceTree = "<group>"; };
		F90877C42BE1E71F0020F5E2 /* MacLandmarks.app */ = {isa = PBXFileReference; explicitFileType = wrapper.application; includeInIndex = 0; path = MacLandmarks.app; sourceTree = BUILT_PRODUCTS_DIR; };
		F90877C82BE1E71F0020F5E2 /* ContentView.swift */ = {isa = PBXFileReference; lastKnownFileType = sourcecode.swift; path = ContentView.swift; sourceTree = "<group>"; };
		F90877CA2BE1E71F0020F5E2 /* Item.swift */ = {isa = PBXFileReference; lastKnownFileType = sourcecode.swift; path = Item.swift; sourceTree = "<group>"; };
		F90877CC2BE1E7210020F5E2 /* Assets.xcassets */ = {isa = PBXFileReference; lastKnownFileType = folder.assetcatalog; path = Assets.xcassets; sourceTree = "<group>"; };
		F90877CF2BE1E7210020F5E2 /* Preview Assets.xcassets */ = {isa = PBXFileReference; lastKnownFileType = folder.assetcatalog; path = "Preview Assets.xcassets"; sourceTree = "<group>"; };
		F90877D12BE1E7210020F5E2 /* MacLandmarks.entitlements */ = {isa = PBXFileReference; lastKnownFileType = text.plist.entitlements; path = MacLandmarks.entitlements; sourceTree = "<group>"; };
		F9152A032BE22AE4001E6860 /* LandmarkDetail.swift */ = {isa = PBXFileReference; lastKnownFileType = sourcecode.swift; path = LandmarkDetail.swift; sourceTree = SOURCE_ROOT; };
		F9152A052BE22C67001E6860 /* LandmarkList.swift */ = {isa = PBXFileReference; lastKnownFileType = sourcecode.swift; path = LandmarkList.swift; sourceTree = "<group>"; };
		F9152A072BE22E38001E6860 /* LandmarkCommands.swift */ = {isa = PBXFileReference; lastKnownFileType = sourcecode.swift; path = LandmarkCommands.swift; sourceTree = SOURCE_ROOT; };
		F9152A092BE22FF0001E6860 /* LandmarkSettings.swift */ = {isa = PBXFileReference; lastKnownFileType = sourcecode.swift; path = LandmarkSettings.swift; sourceTree = "<group>"; };
		F92C80182BDBE73700BD338F /* CircleImage.swift */ = {isa = PBXFileReference; lastKnownFileType = sourcecode.swift; path = CircleImage.swift; sourceTree = "<group>"; };
		F92C801A2BDBEA7F00BD338F /* MapView.swift */ = {isa = PBXFileReference; lastKnownFileType = sourcecode.swift; path = MapView.swift; sourceTree = "<group>"; };
		F92C801C2BDBEE3D00BD338F /* landmarkData.json */ = {isa = PBXFileReference; fileEncoding = 4; lastKnownFileType = text.json; path = landmarkData.json; sourceTree = "<group>"; };
		F92C801E2BDBEE5E00BD338F /* Landmark.swift */ = {isa = PBXFileReference; lastKnownFileType = sourcecode.swift; path = Landmark.swift; sourceTree = "<group>"; };
		F92C80202BDBF4BB00BD338F /* ModelData.swift */ = {isa = PBXFileReference; lastKnownFileType = sourcecode.swift; path = ModelData.swift; sourceTree = "<group>"; };
		F92C80252BDBF79A00BD338F /* LandmarkRow.swift */ = {isa = PBXFileReference; lastKnownFileType = sourcecode.swift; path = LandmarkRow.swift; sourceTree = "<group>"; };
		F92C80272BDBFA0700BD338F /* LandmarkList.swift */ = {isa = PBXFileReference; lastKnownFileType = sourcecode.swift; name = LandmarkList.swift; path = Landmarks/Views/Landmarks/LandmarkList.swift; sourceTree = SOURCE_ROOT; };
		F92C80292BDC070200BD338F /* LandmarkDetail.swift */ = {isa = PBXFileReference; lastKnownFileType = sourcecode.swift; name = LandmarkDetail.swift; path = Landmarks/Views/Landmarks/LandmarkDetail.swift; sourceTree = SOURCE_ROOT; };
		F92C802F2BDCDE2E00BD338F /* FavoriteButton.swift */ = {isa = PBXFileReference; lastKnownFileType = sourcecode.swift; path = FavoriteButton.swift; sourceTree = SOURCE_ROOT; };
		F92C80322BDD195800BD338F /* HexagonParameters.swift */ = {isa = PBXFileReference; lastKnownFileType = sourcecode.swift; path = HexagonParameters.swift; sourceTree = "<group>"; };
		F92C80342BDD1B2700BD338F /* BadgeBackground.swift */ = {isa = PBXFileReference; lastKnownFileType = sourcecode.swift; path = BadgeBackground.swift; sourceTree = "<group>"; };
		F92C80362BDD1D8100BD338F /* BadgeSymbol.swift */ = {isa = PBXFileReference; lastKnownFileType = sourcecode.swift; path = BadgeSymbol.swift; sourceTree = "<group>"; };
		F92C80382BDD1DCB00BD338F /* RotatedBadgeSymbol.swift */ = {isa = PBXFileReference; lastKnownFileType = sourcecode.swift; path = RotatedBadgeSymbol.swift; sourceTree = "<group>"; };
		F92C803A2BDD1DF500BD338F /* Badge.swift */ = {isa = PBXFileReference; lastKnownFileType = sourcecode.swift; path = Badge.swift; sourceTree = "<group>"; };
		F92C803D2BDD1F0300BD338F /* hikeData.json */ = {isa = PBXFileReference; fileEncoding = 4; lastKnownFileType = text.json; path = hikeData.json; sourceTree = "<group>"; };
		F92C803F2BDD1F4200BD338F /* Hike.swift */ = {isa = PBXFileReference; lastKnownFileType = sourcecode.swift; path = Hike.swift; sourceTree = "<group>"; };
		F92C80412BDD1FA300BD338F /* GraphCapsule.swift */ = {isa = PBXFileReference; fileEncoding = 4; lastKnownFileType = sourcecode.swift; path = GraphCapsule.swift; sourceTree = "<group>"; };
		F92C80422BDD1FA300BD338F /* HikeDetail.swift */ = {isa = PBXFileReference; fileEncoding = 4; lastKnownFileType = sourcecode.swift; path = HikeDetail.swift; sourceTree = "<group>"; };
		F92C80432BDD1FA300BD338F /* HikeGraph.swift */ = {isa = PBXFileReference; fileEncoding = 4; lastKnownFileType = sourcecode.swift; path = HikeGraph.swift; sourceTree = "<group>"; };
		F92C80442BDD1FA300BD338F /* HikeView.swift */ = {isa = PBXFileReference; fileEncoding = 4; lastKnownFileType = sourcecode.swift; path = HikeView.swift; sourceTree = "<group>"; };
		F935C5942BDF97E4000F6E38 /* ProfileEditor.swift */ = {isa = PBXFileReference; lastKnownFileType = sourcecode.swift; path = ProfileEditor.swift; sourceTree = "<group>"; };
		F95C19822BDF2B6C00BA3E3F /* CategoryHome.swift */ = {isa = PBXFileReference; lastKnownFileType = sourcecode.swift; path = CategoryHome.swift; sourceTree = "<group>"; };
		F95C19842BDF2DF200BA3E3F /* CategoryRow.swift */ = {isa = PBXFileReference; lastKnownFileType = sourcecode.swift; path = CategoryRow.swift; sourceTree = "<group>"; };
		F95C19862BDF2EFC00BA3E3F /* CategoryItem.swift */ = {isa = PBXFileReference; lastKnownFileType = sourcecode.swift; path = CategoryItem.swift; sourceTree = "<group>"; };
		F95C19882BDF44CB00BA3E3F /* Profile.swift */ = {isa = PBXFileReference; lastKnownFileType = sourcecode.swift; path = Profile.swift; sourceTree = "<group>"; };
		F95C198B2BDF458800BA3E3F /* ProfileHost.swift */ = {isa = PBXFileReference; lastKnownFileType = sourcecode.swift; path = ProfileHost.swift; sourceTree = "<group>"; };
		F95C198D2BDF466200BA3E3F /* ProfileSummary.swift */ = {isa = PBXFileReference; lastKnownFileType = sourcecode.swift; path = ProfileSummary.swift; sourceTree = "<group>"; };
		F95C198F2BDF47AB00BA3E3F /* HikeBadge.swift */ = {isa = PBXFileReference; lastKnownFileType = sourcecode.swift; path = HikeBadge.swift; sourceTree = "<group>"; };
		F96C04912BD266DD0095835B /* Landmarks.app */ = {isa = PBXFileReference; explicitFileType = wrapper.application; includeInIndex = 0; path = Landmarks.app; sourceTree = BUILT_PRODUCTS_DIR; };
		F96C04942BD266DD0095835B /* LandmarksApp.swift */ = {isa = PBXFileReference; lastKnownFileType = sourcecode.swift; path = LandmarksApp.swift; sourceTree = "<group>"; };
		F96C04962BD266DD0095835B /* ContentView.swift */ = {isa = PBXFileReference; lastKnownFileType = sourcecode.swift; path = ContentView.swift; sourceTree = "<group>"; };
		F96C049A2BD266DE0095835B /* Assets.xcassets */ = {isa = PBXFileReference; lastKnownFileType = folder.assetcatalog; path = Assets.xcassets; sourceTree = "<group>"; };
		F96C049D2BD266DE0095835B /* Preview Assets.xcassets */ = {isa = PBXFileReference; lastKnownFileType = folder.assetcatalog; path = "Preview Assets.xcassets"; sourceTree = "<group>"; };
		F96C04A32BD266DF0095835B /* LandmarksTests.xctest */ = {isa = PBXFileReference; explicitFileType = wrapper.cfbundle; includeInIndex = 0; path = LandmarksTests.xctest; sourceTree = BUILT_PRODUCTS_DIR; };
		F96C04A72BD266DF0095835B /* LandmarksTests.swift */ = {isa = PBXFileReference; lastKnownFileType = sourcecode.swift; path = LandmarksTests.swift; sourceTree = "<group>"; };
		F96C04AD2BD266DF0095835B /* LandmarksUITests.xctest */ = {isa = PBXFileReference; explicitFileType = wrapper.cfbundle; includeInIndex = 0; path = LandmarksUITests.xctest; sourceTree = BUILT_PRODUCTS_DIR; };
		F96C04B12BD266DF0095835B /* LandmarksUITests.swift */ = {isa = PBXFileReference; lastKnownFileType = sourcecode.swift; path = LandmarksUITests.swift; sourceTree = "<group>"; };
		F96C04B32BD266DF0095835B /* LandmarksUITestsLaunchTests.swift */ = {isa = PBXFileReference; lastKnownFileType = sourcecode.swift; path = LandmarksUITestsLaunchTests.swift; sourceTree = "<group>"; };
/* End PBXFileReference section */

/* Begin PBXFrameworksBuildPhase section */
		F90877982BE1DFE40020F5E2 /* Frameworks */ = {
			isa = PBXFrameworksBuildPhase;
			buildActionMask = 2147483647;
			files = (
			);
			runOnlyForDeploymentPostprocessing = 0;
		};
		F90877C12BE1E71F0020F5E2 /* Frameworks */ = {
			isa = PBXFrameworksBuildPhase;
			buildActionMask = 2147483647;
			files = (
			);
			runOnlyForDeploymentPostprocessing = 0;
		};
		F96C048E2BD266DD0095835B /* Frameworks */ = {
			isa = PBXFrameworksBuildPhase;
			buildActionMask = 2147483647;
			files = (
			);
			runOnlyForDeploymentPostprocessing = 0;
		};
		F96C04A02BD266DF0095835B /* Frameworks */ = {
			isa = PBXFrameworksBuildPhase;
			buildActionMask = 2147483647;
			files = (
			);
			runOnlyForDeploymentPostprocessing = 0;
		};
		F96C04AA2BD266DF0095835B /* Frameworks */ = {
			isa = PBXFrameworksBuildPhase;
			buildActionMask = 2147483647;
			files = (
			);
			runOnlyForDeploymentPostprocessing = 0;
		};
/* End PBXFrameworksBuildPhase section */

/* Begin PBXGroup section */
		F908779C2BE1DFE40020F5E2 /* WatchLandmarks Watch App */ = {
			isa = PBXGroup;
			children = (
				F908779F2BE1DFE40020F5E2 /* ContentView.swift */,
				F9152A052BE22C67001E6860 /* LandmarkList.swift */,
				F90877B92BE1E2500020F5E2 /* LandmarkDetail.swift */,
				F90877BB2BE1E37D0020F5E2 /* NotificationView.swift */,
				F90877BD2BE1E3CF0020F5E2 /* NotificationController.swift */,
				F90877A12BE1DFE60020F5E2 /* Assets.xcassets */,
				F90877A32BE1DFE60020F5E2 /* Preview Content */,
				F90877BF2BE1E5430020F5E2 /* PushNotificationPayload.apns */,
			);
			path = "WatchLandmarks Watch App";
			sourceTree = "<group>";
		};
		F90877A32BE1DFE60020F5E2 /* Preview Content */ = {
			isa = PBXGroup;
			children = (
				F90877A42BE1DFE60020F5E2 /* Preview Assets.xcassets */,
			);
			path = "Preview Content";
			sourceTree = "<group>";
		};
		F90877C52BE1E71F0020F5E2 /* MacLandmarks */ = {
			isa = PBXGroup;
			children = (
				F90877C82BE1E71F0020F5E2 /* ContentView.swift */,
				F9152A032BE22AE4001E6860 /* LandmarkDetail.swift */,
				F90877CA2BE1E71F0020F5E2 /* Item.swift */,
				F9152A072BE22E38001E6860 /* LandmarkCommands.swift */,
				F9152A092BE22FF0001E6860 /* LandmarkSettings.swift */,
				F90877CC2BE1E7210020F5E2 /* Assets.xcassets */,
				F90877D12BE1E7210020F5E2 /* MacLandmarks.entitlements */,
				F90877CE2BE1E7210020F5E2 /* Preview Content */,
			);
			path = MacLandmarks;
			sourceTree = "<group>";
		};
		F90877CE2BE1E7210020F5E2 /* Preview Content */ = {
			isa = PBXGroup;
			children = (
				F90877CF2BE1E7210020F5E2 /* Preview Assets.xcassets */,
			);
			path = "Preview Content";
			sourceTree = "<group>";
		};
		F92C80222BDBF65A00BD338F /* Views */ = {
			isa = PBXGroup;
			children = (
				F96C04962BD266DD0095835B /* ContentView.swift */,
				F95C198A2BDF456000BA3E3F /* Profiles */,
				F95C19812BDF2B2900BA3E3F /* Categories */,
				F92C80452BDD1FA300BD338F /* Hikes */,
				F92C803C2BDD1E1600BD338F /* Badges */,
				F92C80312BDCDE5E00BD338F /* Landmarks */,
				F92C802E2BDCDDB700BD338F /* Helper */,
				F908778F2BE1D3500020F5E2 /* PageViewController.swift */,
				F90877912BE1DC240020F5E2 /* FeatureCard.swift */,
				F90877932BE1DC900020F5E2 /* PageView.swift */,
				F90877952BE1DE8B0020F5E2 /* PageControl.swift */,
			);
			path = Views;
			sourceTree = "<group>";
		};
		F92C80232BDBF6A500BD338F /* Model */ = {
			isa = PBXGroup;
			children = (
				F95C19882BDF44CB00BA3E3F /* Profile.swift */,
				F92C803F2BDD1F4200BD338F /* Hike.swift */,
				F92C80202BDBF4BB00BD338F /* ModelData.swift */,
				F92C801E2BDBEE5E00BD338F /* Landmark.swift */,
			);
			path = Model;
			sourceTree = "<group>";
		};
		F92C80242BDBF6C100BD338F /* Resources */ = {
			isa = PBXGroup;
			children = (
				F92C803D2BDD1F0300BD338F /* hikeData.json */,
				F92C801C2BDBEE3D00BD338F /* landmarkData.json */,
			);
			path = Resources;
			sourceTree = "<group>";
		};
		F92C802E2BDCDDB700BD338F /* Helper */ = {
			isa = PBXGroup;
			children = (
				F92C80182BDBE73700BD338F /* CircleImage.swift */,
				F92C801A2BDBEA7F00BD338F /* MapView.swift */,
				F92C802F2BDCDE2E00BD338F /* FavoriteButton.swift */,
			);
			path = Helper;
			sourceTree = "<group>";
		};
		F92C80312BDCDE5E00BD338F /* Landmarks */ = {
			isa = PBXGroup;
			children = (
				F92C80272BDBFA0700BD338F /* LandmarkList.swift */,
				F92C80252BDBF79A00BD338F /* LandmarkRow.swift */,
				F92C80292BDC070200BD338F /* LandmarkDetail.swift */,
			);
			path = Landmarks;
			sourceTree = "<group>";
		};
		F92C803C2BDD1E1600BD338F /* Badges */ = {
			isa = PBXGroup;
			children = (
				F92C803A2BDD1DF500BD338F /* Badge.swift */,
				F92C80342BDD1B2700BD338F /* BadgeBackground.swift */,
				F92C80362BDD1D8100BD338F /* BadgeSymbol.swift */,
				F92C80382BDD1DCB00BD338F /* RotatedBadgeSymbol.swift */,
				F92C80322BDD195800BD338F /* HexagonParameters.swift */,
			);
			path = Badges;
			sourceTree = "<group>";
		};
		F92C80452BDD1FA300BD338F /* Hikes */ = {
			isa = PBXGroup;
			children = (
				F92C80412BDD1FA300BD338F /* GraphCapsule.swift */,
				F92C80422BDD1FA300BD338F /* HikeDetail.swift */,
				F92C80432BDD1FA300BD338F /* HikeGraph.swift */,
				F92C80442BDD1FA300BD338F /* HikeView.swift */,
				F95C198F2BDF47AB00BA3E3F /* HikeBadge.swift */,
			);
			path = Hikes;
			sourceTree = "<group>";
		};
		F95C19812BDF2B2900BA3E3F /* Categories */ = {
			isa = PBXGroup;
			children = (
				F95C19822BDF2B6C00BA3E3F /* CategoryHome.swift */,
				F95C19842BDF2DF200BA3E3F /* CategoryRow.swift */,
				F95C19862BDF2EFC00BA3E3F /* CategoryItem.swift */,
			);
			path = Categories;
			sourceTree = "<group>";
		};
		F95C198A2BDF456000BA3E3F /* Profiles */ = {
			isa = PBXGroup;
			children = (
				F95C198B2BDF458800BA3E3F /* ProfileHost.swift */,
				F95C198D2BDF466200BA3E3F /* ProfileSummary.swift */,
				F935C5942BDF97E4000F6E38 /* ProfileEditor.swift */,
			);
			path = Profiles;
			sourceTree = "<group>";
		};
		F96C04882BD266DD0095835B = {
			isa = PBXGroup;
			children = (
				F96C04932BD266DD0095835B /* Landmarks */,
				F96C04A62BD266DF0095835B /* LandmarksTests */,
				F96C04B02BD266DF0095835B /* LandmarksUITests */,
				F908779C2BE1DFE40020F5E2 /* WatchLandmarks Watch App */,
				F90877C52BE1E71F0020F5E2 /* MacLandmarks */,
				F96C04922BD266DD0095835B /* Products */,
			);
			sourceTree = "<group>";
		};
		F96C04922BD266DD0095835B /* Products */ = {
			isa = PBXGroup;
			children = (
				F96C04912BD266DD0095835B /* Landmarks.app */,
				F96C04A32BD266DF0095835B /* LandmarksTests.xctest */,
				F96C04AD2BD266DF0095835B /* LandmarksUITests.xctest */,
				F908779B2BE1DFE40020F5E2 /* WatchLandmarks Watch App.app */,
				F90877C42BE1E71F0020F5E2 /* MacLandmarks.app */,
			);
			name = Products;
			sourceTree = "<group>";
		};
		F96C04932BD266DD0095835B /* Landmarks */ = {
			isa = PBXGroup;
			children = (
				F96C04942BD266DD0095835B /* LandmarksApp.swift */,
				F92C80222BDBF65A00BD338F /* Views */,
				F92C80232BDBF6A500BD338F /* Model */,
				F92C80242BDBF6C100BD338F /* Resources */,
				F96C049A2BD266DE0095835B /* Assets.xcassets */,
				F96C049C2BD266DE0095835B /* Preview Content */,
			);
			path = Landmarks;
			sourceTree = "<group>";
		};
		F96C049C2BD266DE0095835B /* Preview Content */ = {
			isa = PBXGroup;
			children = (
				F96C049D2BD266DE0095835B /* Preview Assets.xcassets */,
			);
			path = "Preview Content";
			sourceTree = "<group>";
		};
		F96C04A62BD266DF0095835B /* LandmarksTests */ = {
			isa = PBXGroup;
			children = (
				F96C04A72BD266DF0095835B /* LandmarksTests.swift */,
			);
			path = LandmarksTests;
			sourceTree = "<group>";
		};
		F96C04B02BD266DF0095835B /* LandmarksUITests */ = {
			isa = PBXGroup;
			children = (
				F96C04B12BD266DF0095835B /* LandmarksUITests.swift */,
				F96C04B32BD266DF0095835B /* LandmarksUITestsLaunchTests.swift */,
			);
			path = LandmarksUITests;
			sourceTree = "<group>";
		};
/* End PBXGroup section */

/* Begin PBXNativeTarget section */
		F908779A2BE1DFE40020F5E2 /* WatchLandmarks Watch App */ = {
			isa = PBXNativeTarget;
			buildConfigurationList = F90877A92BE1DFE60020F5E2 /* Build configuration list for PBXNativeTarget "WatchLandmarks Watch App" */;
			buildPhases = (
				F90877972BE1DFE40020F5E2 /* Sources */,
				F90877982BE1DFE40020F5E2 /* Frameworks */,
				F90877992BE1DFE40020F5E2 /* Resources */,
			);
			buildRules = (
			);
			dependencies = (
			);
			name = "WatchLandmarks Watch App";
			productName = "WatchLandmarks Watch App";
			productReference = F908779B2BE1DFE40020F5E2 /* WatchLandmarks Watch App.app */;
			productType = "com.apple.product-type.application";
		};
		F90877C32BE1E71F0020F5E2 /* MacLandmarks */ = {
			isa = PBXNativeTarget;
			buildConfigurationList = F90877D22BE1E7210020F5E2 /* Build configuration list for PBXNativeTarget "MacLandmarks" */;
			buildPhases = (
				F90877C02BE1E71F0020F5E2 /* Sources */,
				F90877C12BE1E71F0020F5E2 /* Frameworks */,
				F90877C22BE1E71F0020F5E2 /* Resources */,
			);
			buildRules = (
			);
			dependencies = (
			);
			name = MacLandmarks;
			productName = MacLandmarks;
			productReference = F90877C42BE1E71F0020F5E2 /* MacLandmarks.app */;
			productType = "com.apple.product-type.application";
		};
		F96C04902BD266DD0095835B /* Landmarks */ = {
			isa = PBXNativeTarget;
			buildConfigurationList = F96C04B72BD266DF0095835B /* Build configuration list for PBXNativeTarget "Landmarks" */;
			buildPhases = (
				F96C048D2BD266DD0095835B /* Sources */,
				F96C048E2BD266DD0095835B /* Frameworks */,
				F96C048F2BD266DD0095835B /* Resources */,
				F90877AC2BE1DFE60020F5E2 /* Embed Watch Content */,
			);
			buildRules = (
			);
			dependencies = (
				F90877A72BE1DFE60020F5E2 /* PBXTargetDependency */,
			);
			name = Landmarks;
			productName = Landmarks;
			productReference = F96C04912BD266DD0095835B /* Landmarks.app */;
			productType = "com.apple.product-type.application";
		};
		F96C04A22BD266DF0095835B /* LandmarksTests */ = {
			isa = PBXNativeTarget;
			buildConfigurationList = F96C04BA2BD266DF0095835B /* Build configuration list for PBXNativeTarget "LandmarksTests" */;
			buildPhases = (
				F96C049F2BD266DF0095835B /* Sources */,
				F96C04A02BD266DF0095835B /* Frameworks */,
				F96C04A12BD266DF0095835B /* Resources */,
			);
			buildRules = (
			);
			dependencies = (
				F96C04A52BD266DF0095835B /* PBXTargetDependency */,
			);
			name = LandmarksTests;
			productName = LandmarksTests;
			productReference = F96C04A32BD266DF0095835B /* LandmarksTests.xctest */;
			productType = "com.apple.product-type.bundle.unit-test";
		};
		F96C04AC2BD266DF0095835B /* LandmarksUITests */ = {
			isa = PBXNativeTarget;
			buildConfigurationList = F96C04BD2BD266DF0095835B /* Build configuration list for PBXNativeTarget "LandmarksUITests" */;
			buildPhases = (
				F96C04A92BD266DF0095835B /* Sources */,
				F96C04AA2BD266DF0095835B /* Frameworks */,
				F96C04AB2BD266DF0095835B /* Resources */,
			);
			buildRules = (
			);
			dependencies = (
				F96C04AF2BD266DF0095835B /* PBXTargetDependency */,
			);
			name = LandmarksUITests;
			productName = LandmarksUITests;
			productReference = F96C04AD2BD266DF0095835B /* LandmarksUITests.xctest */;
			productType = "com.apple.product-type.bundle.ui-testing";
		};
/* End PBXNativeTarget section */

/* Begin PBXProject section */
		F96C04892BD266DD0095835B /* Project object */ = {
			isa = PBXProject;
			attributes = {
				BuildIndependentTargetsInParallel = 1;
				LastSwiftUpdateCheck = 1530;
				LastUpgradeCheck = 1530;
				TargetAttributes = {
					F908779A2BE1DFE40020F5E2 = {
						CreatedOnToolsVersion = 15.3;
					};
					F90877C32BE1E71F0020F5E2 = {
						CreatedOnToolsVersion = 15.3;
					};
					F96C04902BD266DD0095835B = {
						CreatedOnToolsVersion = 15.3;
					};
					F96C04A22BD266DF0095835B = {
						CreatedOnToolsVersion = 15.3;
						TestTargetID = F96C04902BD266DD0095835B;
					};
					F96C04AC2BD266DF0095835B = {
						CreatedOnToolsVersion = 15.3;
						TestTargetID = F96C04902BD266DD0095835B;
					};
				};
			};
			buildConfigurationList = F96C048C2BD266DD0095835B /* Build configuration list for PBXProject "Landmarks" */;
			compatibilityVersion = "Xcode 14.0";
			developmentRegion = en;
			hasScannedForEncodings = 0;
			knownRegions = (
				en,
				Base,
			);
			mainGroup = F96C04882BD266DD0095835B;
			productRefGroup = F96C04922BD266DD0095835B /* Products */;
			projectDirPath = "";
			projectRoot = "";
			targets = (
				F96C04902BD266DD0095835B /* Landmarks */,
				F96C04A22BD266DF0095835B /* LandmarksTests */,
				F96C04AC2BD266DF0095835B /* LandmarksUITests */,
				F908779A2BE1DFE40020F5E2 /* WatchLandmarks Watch App */,
				F90877C32BE1E71F0020F5E2 /* MacLandmarks */,
			);
		};
/* End PBXProject section */

/* Begin PBXResourcesBuildPhase section */
		F90877992BE1DFE40020F5E2 /* Resources */ = {
			isa = PBXResourcesBuildPhase;
			buildActionMask = 2147483647;
			files = (
				F90877A52BE1DFE60020F5E2 /* Preview Assets.xcassets in Resources */,
				F90877B62BE1E1A80020F5E2 /* hikeData.json in Resources */,
				F90877B72BE1E1A80020F5E2 /* landmarkData.json in Resources */,
				F90877B82BE1E1A80020F5E2 /* Assets.xcassets in Resources */,
				F90877A22BE1DFE60020F5E2 /* Assets.xcassets in Resources */,
			);
			runOnlyForDeploymentPostprocessing = 0;
		};
		F90877C22BE1E71F0020F5E2 /* Resources */ = {
			isa = PBXResourcesBuildPhase;
			buildActionMask = 2147483647;
			files = (
				F90877D02BE1E7210020F5E2 /* Preview Assets.xcassets in Resources */,
				F9152A002BE22911001E6860 /* landmarkData.json in Resources */,
				F9152A012BE22911001E6860 /* hikeData.json in Resources */,
				F9152A022BE22911001E6860 /* Assets.xcassets in Resources */,
				F90877CD2BE1E7210020F5E2 /* Assets.xcassets in Resources */,
			);
			runOnlyForDeploymentPostprocessing = 0;
		};
		F96C048F2BD266DD0095835B /* Resources */ = {
			isa = PBXResourcesBuildPhase;
			buildActionMask = 2147483647;
			files = (
				F92C803E2BDD1F0300BD338F /* hikeData.json in Resources */,
				F96C049E2BD266DE0095835B /* Preview Assets.xcassets in Resources */,
				F96C049B2BD266DE0095835B /* Assets.xcassets in Resources */,
				F92C801D2BDBEE3D00BD338F /* landmarkData.json in Resources */,
			);
			runOnlyForDeploymentPostprocessing = 0;
		};
		F96C04A12BD266DF0095835B /* Resources */ = {
			isa = PBXResourcesBuildPhase;
			buildActionMask = 2147483647;
			files = (
			);
			runOnlyForDeploymentPostprocessing = 0;
		};
		F96C04AB2BD266DF0095835B /* Resources */ = {
			isa = PBXResourcesBuildPhase;
			buildActionMask = 2147483647;
			files = (
			);
			runOnlyForDeploymentPostprocessing = 0;
		};
/* End PBXResourcesBuildPhase section */

/* Begin PBXSourcesBuildPhase section */
		F90877972BE1DFE40020F5E2 /* Sources */ = {
			isa = PBXSourcesBuildPhase;
			buildActionMask = 2147483647;
			files = (
				F90877A02BE1DFE40020F5E2 /* ContentView.swift in Sources */,
				F90877AD2BE1E1A80020F5E2 /* LandmarkList.swift in Sources */,
				F90877AE2BE1E1A80020F5E2 /* MapView.swift in Sources */,
				F9152A062BE22C67001E6860 /* LandmarkList.swift in Sources */,
				F90877AF2BE1E1A80020F5E2 /* Hike.swift in Sources */,
				F90877B02BE1E1A80020F5E2 /* CircleImage.swift in Sources */,
				F90877B12BE1E1A80020F5E2 /* LandmarkRow.swift in Sources */,
				F90877B22BE1E1A80020F5E2 /* ModelData.swift in Sources */,
				F90877B32BE1E1A80020F5E2 /* LandmarksApp.swift in Sources */,
				F90877B42BE1E1A80020F5E2 /* Profile.swift in Sources */,
				F90877BE2BE1E3CF0020F5E2 /* NotificationController.swift in Sources */,
				F90877B52BE1E1A80020F5E2 /* Landmark.swift in Sources */,
				F90877BA2BE1E2500020F5E2 /* LandmarkDetail.swift in Sources */,
				F90877BC2BE1E37D0020F5E2 /* NotificationView.swift in Sources */,
			);
			runOnlyForDeploymentPostprocessing = 0;
		};
		F90877C02BE1E71F0020F5E2 /* Sources */ = {
			isa = PBXSourcesBuildPhase;
			buildActionMask = 2147483647;
			files = (
				F90877C92BE1E71F0020F5E2 /* ContentView.swift in Sources */,
				F9152A082BE22E38001E6860 /* LandmarkCommands.swift in Sources */,
				F91529F62BE22911001E6860 /* LandmarkRow.swift in Sources */,
				F91529F72BE22911001E6860 /* Hike.swift in Sources */,
				F91529F82BE22911001E6860 /* Profile.swift in Sources */,
				F9152A0A2BE22FF0001E6860 /* LandmarkSettings.swift in Sources */,
				F91529F92BE22911001E6860 /* LandmarkList.swift in Sources */,
				F91529FA2BE22911001E6860 /* CircleImage.swift in Sources */,
				F91529FB2BE22911001E6860 /* ModelData.swift in Sources */,
				F9152A042BE22AE4001E6860 /* LandmarkDetail.swift in Sources */,
				F91529FC2BE22911001E6860 /* Landmark.swift in Sources */,
				F91529FD2BE22911001E6860 /* FavoriteButton.swift in Sources */,
				F91529FE2BE22911001E6860 /* LandmarksApp.swift in Sources */,
				F91529FF2BE22911001E6860 /* MapView.swift in Sources */,
				F90877CB2BE1E71F0020F5E2 /* Item.swift in Sources */,
			);
			runOnlyForDeploymentPostprocessing = 0;
		};
		F96C048D2BD266DD0095835B /* Sources */ = {
			isa = PBXSourcesBuildPhase;
			buildActionMask = 2147483647;
			files = (
				F95C19852BDF2DF200BA3E3F /* CategoryRow.swift in Sources */,
				F95C19892BDF44CB00BA3E3F /* Profile.swift in Sources */,
				F96C04972BD266DD0095835B /* ContentView.swift in Sources */,
				F95C19832BDF2B6C00BA3E3F /* CategoryHome.swift in Sources */,
				F90877922BE1DC240020F5E2 /* FeatureCard.swift in Sources */,
				F92C803B2BDD1DF500BD338F /* Badge.swift in Sources */,
				F92C80192BDBE73700BD338F /* CircleImage.swift in Sources */,
				F92C80462BDD1FA400BD338F /* GraphCapsule.swift in Sources */,
				F92C80482BDD1FA400BD338F /* HikeGraph.swift in Sources */,
				F92C801B2BDBEA7F00BD338F /* MapView.swift in Sources */,
				F90877962BE1DE8B0020F5E2 /* PageControl.swift in Sources */,
				F92C80302BDCDE2E00BD338F /* FavoriteButton.swift in Sources */,
				F95C19872BDF2EFC00BA3E3F /* CategoryItem.swift in Sources */,
				F92C80332BDD195800BD338F /* HexagonParameters.swift in Sources */,
				F95C198E2BDF466200BA3E3F /* ProfileSummary.swift in Sources */,
				F92C80402BDD1F4200BD338F /* Hike.swift in Sources */,
				F95C198C2BDF458900BA3E3F /* ProfileHost.swift in Sources */,
				F92C80392BDD1DCB00BD338F /* RotatedBadgeSymbol.swift in Sources */,
				F92C80372BDD1D8100BD338F /* BadgeSymbol.swift in Sources */,
				F90877942BE1DC900020F5E2 /* PageView.swift in Sources */,
				F92C80282BDBFA0700BD338F /* LandmarkList.swift in Sources */,
				F935C5952BDF97E4000F6E38 /* ProfileEditor.swift in Sources */,
				F92C80472BDD1FA400BD338F /* HikeDetail.swift in Sources */,
				F92C80492BDD1FA400BD338F /* HikeView.swift in Sources */,
				F92C802A2BDC070200BD338F /* LandmarkDetail.swift in Sources */,
				F90877902BE1D3500020F5E2 /* PageViewController.swift in Sources */,
				F92C80352BDD1B2700BD338F /* BadgeBackground.swift in Sources */,
				F95C19902BDF47AB00BA3E3F /* HikeBadge.swift in Sources */,
				F96C04952BD266DD0095835B /* LandmarksApp.swift in Sources */,
				F92C801F2BDBEE5E00BD338F /* Landmark.swift in Sources */,
				F92C80262BDBF79A00BD338F /* LandmarkRow.swift in Sources */,
				F92C80212BDBF4BB00BD338F /* ModelData.swift in Sources */,
			);
			runOnlyForDeploymentPostprocessing = 0;
		};
		F96C049F2BD266DF0095835B /* Sources */ = {
			isa = PBXSourcesBuildPhase;
			buildActionMask = 2147483647;
			files = (
				F96C04A82BD266DF0095835B /* LandmarksTests.swift in Sources */,
			);
			runOnlyForDeploymentPostprocessing = 0;
		};
		F96C04A92BD266DF0095835B /* Sources */ = {
			isa = PBXSourcesBuildPhase;
			buildActionMask = 2147483647;
			files = (
				F96C04B42BD266DF0095835B /* LandmarksUITestsLaunchTests.swift in Sources */,
				F96C04B22BD266DF0095835B /* LandmarksUITests.swift in Sources */,
			);
			runOnlyForDeploymentPostprocessing = 0;
		};
/* End PBXSourcesBuildPhase section */

/* Begin PBXTargetDependency section */
		F90877A72BE1DFE60020F5E2 /* PBXTargetDependency */ = {
			isa = PBXTargetDependency;
			target = F908779A2BE1DFE40020F5E2 /* WatchLandmarks Watch App */;
			targetProxy = F90877A62BE1DFE60020F5E2 /* PBXContainerItemProxy */;
		};
		F96C04A52BD266DF0095835B /* PBXTargetDependency */ = {
			isa = PBXTargetDependency;
			target = F96C04902BD266DD0095835B /* Landmarks */;
			targetProxy = F96C04A42BD266DF0095835B /* PBXContainerItemProxy */;
		};
		F96C04AF2BD266DF0095835B /* PBXTargetDependency */ = {
			isa = PBXTargetDependency;
			target = F96C04902BD266DD0095835B /* Landmarks */;
			targetProxy = F96C04AE2BD266DF0095835B /* PBXContainerItemProxy */;
		};
/* End PBXTargetDependency section */

/* Begin XCBuildConfiguration section */
		F90877AA2BE1DFE60020F5E2 /* Debug */ = {
			isa = XCBuildConfiguration;
			buildSettings = {
				ASSETCATALOG_COMPILER_APPICON_NAME = AppIcon;
				ASSETCATALOG_COMPILER_GLOBAL_ACCENT_COLOR_NAME = AccentColor;
				CODE_SIGN_STYLE = Automatic;
				CURRENT_PROJECT_VERSION = 1;
				DEVELOPMENT_ASSET_PATHS = "\"WatchLandmarks Watch App/Preview Content\"";
				DEVELOPMENT_TEAM = D9248U2U3P;
				ENABLE_PREVIEWS = YES;
				GENERATE_INFOPLIST_FILE = YES;
				INFOPLIST_KEY_CFBundleDisplayName = WatchLandmarks;
				INFOPLIST_KEY_UISupportedInterfaceOrientations = "UIInterfaceOrientationPortrait UIInterfaceOrientationPortraitUpsideDown";
				INFOPLIST_KEY_WKCompanionAppBundleIdentifier = MAD.Landmarks;
				INFOPLIST_KEY_WKRunsIndependentlyOfCompanionApp = YES;
				LD_RUNPATH_SEARCH_PATHS = (
					"$(inherited)",
					"@executable_path/Frameworks",
				);
				MARKETING_VERSION = 1.0;
				PRODUCT_BUNDLE_IDENTIFIER = MAD.Landmarks.watchkitapp;
				PRODUCT_NAME = "$(TARGET_NAME)";
				SDKROOT = watchos;
				SKIP_INSTALL = YES;
				SWIFT_EMIT_LOC_STRINGS = YES;
				SWIFT_VERSION = 5.0;
				TARGETED_DEVICE_FAMILY = 4;
				WATCHOS_DEPLOYMENT_TARGET = 10.0;
			};
			name = Debug;
		};
		F90877AB2BE1DFE60020F5E2 /* Release */ = {
			isa = XCBuildConfiguration;
			buildSettings = {
				ASSETCATALOG_COMPILER_APPICON_NAME = AppIcon;
				ASSETCATALOG_COMPILER_GLOBAL_ACCENT_COLOR_NAME = AccentColor;
				CODE_SIGN_STYLE = Automatic;
				CURRENT_PROJECT_VERSION = 1;
				DEVELOPMENT_ASSET_PATHS = "\"WatchLandmarks Watch App/Preview Content\"";
				DEVELOPMENT_TEAM = D9248U2U3P;
				ENABLE_PREVIEWS = YES;
				GENERATE_INFOPLIST_FILE = YES;
				INFOPLIST_KEY_CFBundleDisplayName = WatchLandmarks;
				INFOPLIST_KEY_UISupportedInterfaceOrientations = "UIInterfaceOrientationPortrait UIInterfaceOrientationPortraitUpsideDown";
				INFOPLIST_KEY_WKCompanionAppBundleIdentifier = MAD.Landmarks;
				INFOPLIST_KEY_WKRunsIndependentlyOfCompanionApp = YES;
				LD_RUNPATH_SEARCH_PATHS = (
					"$(inherited)",
					"@executable_path/Frameworks",
				);
				MARKETING_VERSION = 1.0;
				PRODUCT_BUNDLE_IDENTIFIER = MAD.Landmarks.watchkitapp;
				PRODUCT_NAME = "$(TARGET_NAME)";
				SDKROOT = watchos;
				SKIP_INSTALL = YES;
				SWIFT_EMIT_LOC_STRINGS = YES;
				SWIFT_VERSION = 5.0;
				TARGETED_DEVICE_FAMILY = 4;
				WATCHOS_DEPLOYMENT_TARGET = 10.0;
			};
			name = Release;
		};
		F90877D32BE1E7210020F5E2 /* Debug */ = {
			isa = XCBuildConfiguration;
			buildSettings = {
				ASSETCATALOG_COMPILER_APPICON_NAME = AppIcon;
				ASSETCATALOG_COMPILER_GLOBAL_ACCENT_COLOR_NAME = AccentColor;
				CODE_SIGN_ENTITLEMENTS = MacLandmarks/MacLandmarks.entitlements;
				CODE_SIGN_STYLE = Automatic;
				COMBINE_HIDPI_IMAGES = YES;
				CURRENT_PROJECT_VERSION = 1;
				DEVELOPMENT_ASSET_PATHS = "\"MacLandmarks/Preview Content\"";
				ENABLE_PREVIEWS = YES;
				GENERATE_INFOPLIST_FILE = YES;
				INFOPLIST_KEY_NSHumanReadableCopyright = "";
				LD_RUNPATH_SEARCH_PATHS = (
					"$(inherited)",
					"@executable_path/../Frameworks",
				);
				MACOSX_DEPLOYMENT_TARGET = 14.0;
				MARKETING_VERSION = 1.0;
				PRODUCT_BUNDLE_IDENTIFIER = MAD.MacLandmarks;
				PRODUCT_NAME = "$(TARGET_NAME)";
				SDKROOT = macosx;
				SWIFT_EMIT_LOC_STRINGS = YES;
				SWIFT_VERSION = 5.0;
			};
			name = Debug;
		};
		F90877D42BE1E7210020F5E2 /* Release */ = {
			isa = XCBuildConfiguration;
			buildSettings = {
				ASSETCATALOG_COMPILER_APPICON_NAME = AppIcon;
				ASSETCATALOG_COMPILER_GLOBAL_ACCENT_COLOR_NAME = AccentColor;
				CODE_SIGN_ENTITLEMENTS = MacLandmarks/MacLandmarks.entitlements;
				CODE_SIGN_STYLE = Automatic;
				COMBINE_HIDPI_IMAGES = YES;
				CURRENT_PROJECT_VERSION = 1;
				DEVELOPMENT_ASSET_PATHS = "\"MacLandmarks/Preview Content\"";
				ENABLE_PREVIEWS = YES;
				GENERATE_INFOPLIST_FILE = YES;
				INFOPLIST_KEY_NSHumanReadableCopyright = "";
				LD_RUNPATH_SEARCH_PATHS = (
					"$(inherited)",
					"@executable_path/../Frameworks",
				);
				MACOSX_DEPLOYMENT_TARGET = 14.0;
				MARKETING_VERSION = 1.0;
				PRODUCT_BUNDLE_IDENTIFIER = MAD.MacLandmarks;
				PRODUCT_NAME = "$(TARGET_NAME)";
				SDKROOT = macosx;
				SWIFT_EMIT_LOC_STRINGS = YES;
				SWIFT_VERSION = 5.0;
			};
			name = Release;
		};
		F96C04B52BD266DF0095835B /* Debug */ = {
			isa = XCBuildConfiguration;
			buildSettings = {
				ALWAYS_SEARCH_USER_PATHS = NO;
				ASSETCATALOG_COMPILER_GENERATE_SWIFT_ASSET_SYMBOL_EXTENSIONS = YES;
				CLANG_ANALYZER_NONNULL = YES;
				CLANG_ANALYZER_NUMBER_OBJECT_CONVERSION = YES_AGGRESSIVE;
				CLANG_CXX_LANGUAGE_STANDARD = "gnu++20";
				CLANG_ENABLE_MODULES = YES;
				CLANG_ENABLE_OBJC_ARC = YES;
				CLANG_ENABLE_OBJC_WEAK = YES;
				CLANG_WARN_BLOCK_CAPTURE_AUTORELEASING = YES;
				CLANG_WARN_BOOL_CONVERSION = YES;
				CLANG_WARN_COMMA = YES;
				CLANG_WARN_CONSTANT_CONVERSION = YES;
				CLANG_WARN_DEPRECATED_OBJC_IMPLEMENTATIONS = YES;
				CLANG_WARN_DIRECT_OBJC_ISA_USAGE = YES_ERROR;
				CLANG_WARN_DOCUMENTATION_COMMENTS = YES;
				CLANG_WARN_EMPTY_BODY = YES;
				CLANG_WARN_ENUM_CONVERSION = YES;
				CLANG_WARN_INFINITE_RECURSION = YES;
				CLANG_WARN_INT_CONVERSION = YES;
				CLANG_WARN_NON_LITERAL_NULL_CONVERSION = YES;
				CLANG_WARN_OBJC_IMPLICIT_RETAIN_SELF = YES;
				CLANG_WARN_OBJC_LITERAL_CONVERSION = YES;
				CLANG_WARN_OBJC_ROOT_CLASS = YES_ERROR;
				CLANG_WARN_QUOTED_INCLUDE_IN_FRAMEWORK_HEADER = YES;
				CLANG_WARN_RANGE_LOOP_ANALYSIS = YES;
				CLANG_WARN_STRICT_PROTOTYPES = YES;
				CLANG_WARN_SUSPICIOUS_MOVE = YES;
				CLANG_WARN_UNGUARDED_AVAILABILITY = YES_AGGRESSIVE;
				CLANG_WARN_UNREACHABLE_CODE = YES;
				CLANG_WARN__DUPLICATE_METHOD_MATCH = YES;
				COPY_PHASE_STRIP = NO;
				DEBUG_INFORMATION_FORMAT = dwarf;
				ENABLE_STRICT_OBJC_MSGSEND = YES;
				ENABLE_TESTABILITY = YES;
				ENABLE_USER_SCRIPT_SANDBOXING = YES;
				GCC_C_LANGUAGE_STANDARD = gnu17;
				GCC_DYNAMIC_NO_PIC = NO;
				GCC_NO_COMMON_BLOCKS = YES;
				GCC_OPTIMIZATION_LEVEL = 0;
				GCC_PREPROCESSOR_DEFINITIONS = (
					"DEBUG=1",
					"$(inherited)",
				);
				GCC_WARN_64_TO_32_BIT_CONVERSION = YES;
				GCC_WARN_ABOUT_RETURN_TYPE = YES_ERROR;
				GCC_WARN_UNDECLARED_SELECTOR = YES;
				GCC_WARN_UNINITIALIZED_AUTOS = YES_AGGRESSIVE;
				GCC_WARN_UNUSED_FUNCTION = YES;
				GCC_WARN_UNUSED_VARIABLE = YES;
				IPHONEOS_DEPLOYMENT_TARGET = 17.4;
				LOCALIZATION_PREFERS_STRING_CATALOGS = YES;
				MTL_ENABLE_DEBUG_INFO = INCLUDE_SOURCE;
				MTL_FAST_MATH = YES;
				ONLY_ACTIVE_ARCH = YES;
				SDKROOT = iphoneos;
				SWIFT_ACTIVE_COMPILATION_CONDITIONS = "DEBUG $(inherited)";
				SWIFT_OPTIMIZATION_LEVEL = "-Onone";
			};
			name = Debug;
		};
		F96C04B62BD266DF0095835B /* Release */ = {
			isa = XCBuildConfiguration;
			buildSettings = {
				ALWAYS_SEARCH_USER_PATHS = NO;
				ASSETCATALOG_COMPILER_GENERATE_SWIFT_ASSET_SYMBOL_EXTENSIONS = YES;
				CLANG_ANALYZER_NONNULL = YES;
				CLANG_ANALYZER_NUMBER_OBJECT_CONVERSION = YES_AGGRESSIVE;
				CLANG_CXX_LANGUAGE_STANDARD = "gnu++20";
				CLANG_ENABLE_MODULES = YES;
				CLANG_ENABLE_OBJC_ARC = YES;
				CLANG_ENABLE_OBJC_WEAK = YES;
				CLANG_WARN_BLOCK_CAPTURE_AUTORELEASING = YES;
				CLANG_WARN_BOOL_CONVERSION = YES;
				CLANG_WARN_COMMA = YES;
				CLANG_WARN_CONSTANT_CONVERSION = YES;
				CLANG_WARN_DEPRECATED_OBJC_IMPLEMENTATIONS = YES;
				CLANG_WARN_DIRECT_OBJC_ISA_USAGE = YES_ERROR;
				CLANG_WARN_DOCUMENTATION_COMMENTS = YES;
				CLANG_WARN_EMPTY_BODY = YES;
				CLANG_WARN_ENUM_CONVERSION = YES;
				CLANG_WARN_INFINITE_RECURSION = YES;
				CLANG_WARN_INT_CONVERSION = YES;
				CLANG_WARN_NON_LITERAL_NULL_CONVERSION = YES;
				CLANG_WARN_OBJC_IMPLICIT_RETAIN_SELF = YES;
				CLANG_WARN_OBJC_LITERAL_CONVERSION = YES;
				CLANG_WARN_OBJC_ROOT_CLASS = YES_ERROR;
				CLANG_WARN_QUOTED_INCLUDE_IN_FRAMEWORK_HEADER = YES;
				CLANG_WARN_RANGE_LOOP_ANALYSIS = YES;
				CLANG_WARN_STRICT_PROTOTYPES = YES;
				CLANG_WARN_SUSPICIOUS_MOVE = YES;
				CLANG_WARN_UNGUARDED_AVAILABILITY = YES_AGGRESSIVE;
				CLANG_WARN_UNREACHABLE_CODE = YES;
				CLANG_WARN__DUPLICATE_METHOD_MATCH = YES;
				COPY_PHASE_STRIP = NO;
				DEBUG_INFORMATION_FORMAT = "dwarf-with-dsym";
				ENABLE_NS_ASSERTIONS = NO;
				ENABLE_STRICT_OBJC_MSGSEND = YES;
				ENABLE_USER_SCRIPT_SANDBOXING = YES;
				GCC_C_LANGUAGE_STANDARD = gnu17;
				GCC_NO_COMMON_BLOCKS = YES;
				GCC_WARN_64_TO_32_BIT_CONVERSION = YES;
				GCC_WARN_ABOUT_RETURN_TYPE = YES_ERROR;
				GCC_WARN_UNDECLARED_SELECTOR = YES;
				GCC_WARN_UNINITIALIZED_AUTOS = YES_AGGRESSIVE;
				GCC_WARN_UNUSED_FUNCTION = YES;
				GCC_WARN_UNUSED_VARIABLE = YES;
				IPHONEOS_DEPLOYMENT_TARGET = 17.4;
				LOCALIZATION_PREFERS_STRING_CATALOGS = YES;
				MTL_ENABLE_DEBUG_INFO = NO;
				MTL_FAST_MATH = YES;
				SDKROOT = iphoneos;
				SWIFT_COMPILATION_MODE = wholemodule;
				VALIDATE_PRODUCT = YES;
			};
			name = Release;
		};
		F96C04B82BD266DF0095835B /* Debug */ = {
			isa = XCBuildConfiguration;
			buildSettings = {
				ALWAYS_EMBED_SWIFT_STANDARD_LIBRARIES = YES;
				ASSETCATALOG_COMPILER_APPICON_NAME = AppIcon;
				ASSETCATALOG_COMPILER_GLOBAL_ACCENT_COLOR_NAME = AccentColor;
				CODE_SIGN_STYLE = Automatic;
				CURRENT_PROJECT_VERSION = 1;
				DEVELOPMENT_ASSET_PATHS = "\"Landmarks/Preview Content\"";
				DEVELOPMENT_TEAM = D9248U2U3P;
				ENABLE_PREVIEWS = YES;
				GENERATE_INFOPLIST_FILE = YES;
				INFOPLIST_KEY_UIApplicationSceneManifest_Generation = YES;
				INFOPLIST_KEY_UIApplicationSupportsIndirectInputEvents = YES;
				INFOPLIST_KEY_UILaunchScreen_Generation = YES;
				INFOPLIST_KEY_UISupportedInterfaceOrientations_iPad = "UIInterfaceOrientationPortrait UIInterfaceOrientationPortraitUpsideDown UIInterfaceOrientationLandscapeLeft UIInterfaceOrientationLandscapeRight";
				INFOPLIST_KEY_UISupportedInterfaceOrientations_iPhone = "UIInterfaceOrientationPortrait UIInterfaceOrientationLandscapeLeft UIInterfaceOrientationLandscapeRight";
				LD_RUNPATH_SEARCH_PATHS = (
					"$(inherited)",
					"@executable_path/Frameworks",
				);
				MARKETING_VERSION = 1.0;
				PRODUCT_BUNDLE_IDENTIFIER = MAD.Landmarks;
				PRODUCT_NAME = "$(TARGET_NAME)";
				SWIFT_EMIT_LOC_STRINGS = YES;
				SWIFT_VERSION = 5.0;
				TARGETED_DEVICE_FAMILY = "1,2";
			};
			name = Debug;
		};
		F96C04B92BD266DF0095835B /* Release */ = {
			isa = XCBuildConfiguration;
			buildSettings = {
				ALWAYS_EMBED_SWIFT_STANDARD_LIBRARIES = YES;
				ASSETCATALOG_COMPILER_APPICON_NAME = AppIcon;
				ASSETCATALOG_COMPILER_GLOBAL_ACCENT_COLOR_NAME = AccentColor;
				CODE_SIGN_STYLE = Automatic;
				CURRENT_PROJECT_VERSION = 1;
				DEVELOPMENT_ASSET_PATHS = "\"Landmarks/Preview Content\"";
				DEVELOPMENT_TEAM = D9248U2U3P;
				ENABLE_PREVIEWS = YES;
				GENERATE_INFOPLIST_FILE = YES;
				INFOPLIST_KEY_UIApplicationSceneManifest_Generation = YES;
				INFOPLIST_KEY_UIApplicationSupportsIndirectInputEvents = YES;
				INFOPLIST_KEY_UILaunchScreen_Generation = YES;
				INFOPLIST_KEY_UISupportedInterfaceOrientations_iPad = "UIInterfaceOrientationPortrait UIInterfaceOrientationPortraitUpsideDown UIInterfaceOrientationLandscapeLeft UIInterfaceOrientationLandscapeRight";
				INFOPLIST_KEY_UISupportedInterfaceOrientations_iPhone = "UIInterfaceOrientationPortrait UIInterfaceOrientationLandscapeLeft UIInterfaceOrientationLandscapeRight";
				LD_RUNPATH_SEARCH_PATHS = (
					"$(inherited)",
					"@executable_path/Frameworks",
				);
				MARKETING_VERSION = 1.0;
				PRODUCT_BUNDLE_IDENTIFIER = MAD.Landmarks;
				PRODUCT_NAME = "$(TARGET_NAME)";
				SWIFT_EMIT_LOC_STRINGS = YES;
				SWIFT_VERSION = 5.0;
				TARGETED_DEVICE_FAMILY = "1,2";
			};
			name = Release;
		};
		F96C04BB2BD266DF0095835B /* Debug */ = {
			isa = XCBuildConfiguration;
			buildSettings = {
				ALWAYS_EMBED_SWIFT_STANDARD_LIBRARIES = YES;
				BUNDLE_LOADER = "$(TEST_HOST)";
				CODE_SIGN_STYLE = Automatic;
				CURRENT_PROJECT_VERSION = 1;
				DEVELOPMENT_TEAM = D9248U2U3P;
				GENERATE_INFOPLIST_FILE = YES;
				IPHONEOS_DEPLOYMENT_TARGET = 17.4;
				MARKETING_VERSION = 1.0;
				PRODUCT_BUNDLE_IDENTIFIER = MAD.LandmarksTests;
				PRODUCT_NAME = "$(TARGET_NAME)";
				SWIFT_EMIT_LOC_STRINGS = NO;
				SWIFT_VERSION = 5.0;
				TARGETED_DEVICE_FAMILY = "1,2";
				TEST_HOST = "$(BUILT_PRODUCTS_DIR)/Landmarks.app/$(BUNDLE_EXECUTABLE_FOLDER_PATH)/Landmarks";
			};
			name = Debug;
		};
		F96C04BC2BD266DF0095835B /* Release */ = {
			isa = XCBuildConfiguration;
			buildSettings = {
				ALWAYS_EMBED_SWIFT_STANDARD_LIBRARIES = YES;
				BUNDLE_LOADER = "$(TEST_HOST)";
				CODE_SIGN_STYLE = Automatic;
				CURRENT_PROJECT_VERSION = 1;
				DEVELOPMENT_TEAM = D9248U2U3P;
				GENERATE_INFOPLIST_FILE = YES;
				IPHONEOS_DEPLOYMENT_TARGET = 17.4;
				MARKETING_VERSION = 1.0;
				PRODUCT_BUNDLE_IDENTIFIER = MAD.LandmarksTests;
				PRODUCT_NAME = "$(TARGET_NAME)";
				SWIFT_EMIT_LOC_STRINGS = NO;
				SWIFT_VERSION = 5.0;
				TARGETED_DEVICE_FAMILY = "1,2";
				TEST_HOST = "$(BUILT_PRODUCTS_DIR)/Landmarks.app/$(BUNDLE_EXECUTABLE_FOLDER_PATH)/Landmarks";
			};
			name = Release;
		};
		F96C04BE2BD266DF0095835B /* Debug */ = {
			isa = XCBuildConfiguration;
			buildSettings = {
				ALWAYS_EMBED_SWIFT_STANDARD_LIBRARIES = YES;
				CODE_SIGN_STYLE = Automatic;
				CURRENT_PROJECT_VERSION = 1;
				DEVELOPMENT_TEAM = D9248U2U3P;
				GENERATE_INFOPLIST_FILE = YES;
				MARKETING_VERSION = 1.0;
				PRODUCT_BUNDLE_IDENTIFIER = MAD.LandmarksUITests;
				PRODUCT_NAME = "$(TARGET_NAME)";
				SWIFT_EMIT_LOC_STRINGS = NO;
				SWIFT_VERSION = 5.0;
				TARGETED_DEVICE_FAMILY = "1,2";
				TEST_TARGET_NAME = Landmarks;
			};
			name = Debug;
		};
		F96C04BF2BD266DF0095835B /* Release */ = {
			isa = XCBuildConfiguration;
			buildSettings = {
				ALWAYS_EMBED_SWIFT_STANDARD_LIBRARIES = YES;
				CODE_SIGN_STYLE = Automatic;
				CURRENT_PROJECT_VERSION = 1;
				DEVELOPMENT_TEAM = D9248U2U3P;
				GENERATE_INFOPLIST_FILE = YES;
				MARKETING_VERSION = 1.0;
				PRODUCT_BUNDLE_IDENTIFIER = MAD.LandmarksUITests;
				PRODUCT_NAME = "$(TARGET_NAME)";
				SWIFT_EMIT_LOC_STRINGS = NO;
				SWIFT_VERSION = 5.0;
				TARGETED_DEVICE_FAMILY = "1,2";
				TEST_TARGET_NAME = Landmarks;
			};
			name = Release;
		};
/* End XCBuildConfiguration section */

/* Begin XCConfigurationList section */
		F90877A92BE1DFE60020F5E2 /* Build configuration list for PBXNativeTarget "WatchLandmarks Watch App" */ = {
			isa = XCConfigurationList;
			buildConfigurations = (
				F90877AA2BE1DFE60020F5E2 /* Debug */,
				F90877AB2BE1DFE60020F5E2 /* Release */,
			);
			defaultConfigurationIsVisible = 0;
			defaultConfigurationName = Release;
		};
		F90877D22BE1E7210020F5E2 /* Build configuration list for PBXNativeTarget "MacLandmarks" */ = {
			isa = XCConfigurationList;
			buildConfigurations = (
				F90877D32BE1E7210020F5E2 /* Debug */,
				F90877D42BE1E7210020F5E2 /* Release */,
			);
			defaultConfigurationIsVisible = 0;
			defaultConfigurationName = Release;
		};
		F96C048C2BD266DD0095835B /* Build configuration list for PBXProject "Landmarks" */ = {
			isa = XCConfigurationList;
			buildConfigurations = (
				F96C04B52BD266DF0095835B /* Debug */,
				F96C04B62BD266DF0095835B /* Release */,
			);
			defaultConfigurationIsVisible = 0;
			defaultConfigurationName = Release;
		};
		F96C04B72BD266DF0095835B /* Build configuration list for PBXNativeTarget "Landmarks" */ = {
			isa = XCConfigurationList;
			buildConfigurations = (
				F96C04B82BD266DF0095835B /* Debug */,
				F96C04B92BD266DF0095835B /* Release */,
			);
			defaultConfigurationIsVisible = 0;
			defaultConfigurationName = Release;
		};
		F96C04BA2BD266DF0095835B /* Build configuration list for PBXNativeTarget "LandmarksTests" */ = {
			isa = XCConfigurationList;
			buildConfigurations = (
				F96C04BB2BD266DF0095835B /* Debug */,
				F96C04BC2BD266DF0095835B /* Release */,
			);
			defaultConfigurationIsVisible = 0;
			defaultConfigurationName = Release;
		};
		F96C04BD2BD266DF0095835B /* Build configuration list for PBXNativeTarget "LandmarksUITests" */ = {
			isa = XCConfigurationList;
			buildConfigurations = (
				F96C04BE2BD266DF0095835B /* Debug */,
				F96C04BF2BD266DF0095835B /* Release */,
			);
			defaultConfigurationIsVisible = 0;
			defaultConfigurationName = Release;
		};
/* End XCConfigurationList section */
	};
	rootObject = F96C04892BD266DD0095835B /* Project object */;
}
